
Microsoft Visual Studio Solution File, Format Version 12.00
# Visual Studio 15
VisualStudioVersion = 15.0.27703.2047
MinimumVisualStudioVersion = 10.0.40219.1
Project("{FAE04EC0-301F-11D3-BF4B-00C04F79EFBC}") = "WebApiProjetSessionA-16", "WebApiProjetSessionA-16\WebApiProjetSessionA-16.csproj", "{A6CCB757-E013-48DB-BF63-1DC099365EFD}"
EndProject
Global
	GlobalSection(SolutionConfigurationPlatforms) = preSolution
		Debug|Any CPU = Debug|Any CPU
		Release|Any CPU = Release|Any CPU
	EndGlobalSection
	GlobalSection(ProjectConfigurationPlatforms) = postSolution
		{A6CCB757-E013-48DB-BF63-1DC099365EFD}.Debug|Any CPU.ActiveCfg = Debug|Any CPU
		{A6CCB757-E013-48DB-BF63-1DC099365EFD}.Debug|Any CPU.Build.0 = Debug|Any CPU
		{A6CCB757-E013-48DB-BF63-1DC099365EFD}.Release|Any CPU.ActiveCfg = Release|Any CPU
		{A6CCB757-E013-48DB-BF63-1DC099365EFD}.Release|Any CPU.Build.0 = Release|Any CPU
	EndGlobalSection
	GlobalSection(SolutionProperties) = preSolution
		HideSolutionNode = FALSE
	EndGlobalSection
	GlobalSection(ExtensibilityGlobals) = postSolution
		SolutionGuid = {C49F4E3F-4B16-4B5E-B618-39EE75426660}
	EndGlobalSection
EndGlobal
