
Microsoft Visual Studio Solution File, Format Version 12.00
# Visual Studio 15
VisualStudioVersion = 15.0.27703.2042
MinimumVisualStudioVersion = 10.0.40219.1
Project("{FAE04EC0-301F-11D3-BF4B-00C04F79EFBC}") = "ProjetSessionA-16", "ProjetSessionCoursA15\ProjetSessionA-16.csproj", "{47AD1427-0DF3-4681-A81E-2D5E1A6DC870}"
EndProject
Global
	GlobalSection(SolutionConfigurationPlatforms) = preSolution
		Debug|Any CPU = Debug|Any CPU
		Release|Any CPU = Release|Any CPU
	EndGlobalSection
	GlobalSection(ProjectConfigurationPlatforms) = postSolution
		{47AD1427-0DF3-4681-A81E-2D5E1A6DC870}.Debug|Any CPU.ActiveCfg = Debug|Any CPU
		{47AD1427-0DF3-4681-A81E-2D5E1A6DC870}.Debug|Any CPU.Build.0 = Debug|Any CPU
		{47AD1427-0DF3-4681-A81E-2D5E1A6DC870}.Release|Any CPU.ActiveCfg = Release|Any CPU
		{47AD1427-0DF3-4681-A81E-2D5E1A6DC870}.Release|Any CPU.Build.0 = Release|Any CPU
	EndGlobalSection
	GlobalSection(SolutionProperties) = preSolution
		HideSolutionNode = FALSE
	EndGlobalSection
	GlobalSection(ExtensibilityGlobals) = postSolution
		SolutionGuid = {84E5EFD2-C953-4DF0-BE56-82C3C928AF42}
	EndGlobalSection
EndGlobal
